
Microsoft Visual Studio Solution File, Format Version 12.00
Project("{FAE04EC0-301F-11D3-BF4B-00C04F79EFBC}") = "Server", "Server\Server.csproj", "{8E542A39-D262-4442-870D-2957B5068514}"
EndProject
Project("{FAE04EC0-301F-11D3-BF4B-00C04F79EFBC}") = "Assignment3TestSuite", "..\..\Downloads\RAWDATA_2019_Assignment3TestSuite-master\Assignment3TestSuite\Assignment3TestSuite.csproj", "{2400678D-F0CE-437C-B016-6BF48461F10A}"
EndProject
Project("{FAE04EC0-301F-11D3-BF4B-00C04F79EFBC}") = "Client", "Client\Client.csproj", "{A093E056-7338-4A6A-B7C4-CCA00387617B}"
EndProject
Global
	GlobalSection(SolutionConfigurationPlatforms) = preSolution
		Debug|Any CPU = Debug|Any CPU
		Release|Any CPU = Release|Any CPU
	EndGlobalSection
	GlobalSection(ProjectConfigurationPlatforms) = postSolution
		{8E542A39-D262-4442-870D-2957B5068514}.Debug|Any CPU.ActiveCfg = Debug|Any CPU
		{8E542A39-D262-4442-870D-2957B5068514}.Debug|Any CPU.Build.0 = Debug|Any CPU
		{8E542A39-D262-4442-870D-2957B5068514}.Release|Any CPU.ActiveCfg = Release|Any CPU
		{8E542A39-D262-4442-870D-2957B5068514}.Release|Any CPU.Build.0 = Release|Any CPU
		{2400678D-F0CE-437C-B016-6BF48461F10A}.Debug|Any CPU.ActiveCfg = Debug|Any CPU
		{2400678D-F0CE-437C-B016-6BF48461F10A}.Debug|Any CPU.Build.0 = Debug|Any CPU
		{2400678D-F0CE-437C-B016-6BF48461F10A}.Release|Any CPU.ActiveCfg = Release|Any CPU
		{2400678D-F0CE-437C-B016-6BF48461F10A}.Release|Any CPU.Build.0 = Release|Any CPU
		{A093E056-7338-4A6A-B7C4-CCA00387617B}.Debug|Any CPU.ActiveCfg = Debug|Any CPU
		{A093E056-7338-4A6A-B7C4-CCA00387617B}.Debug|Any CPU.Build.0 = Debug|Any CPU
		{A093E056-7338-4A6A-B7C4-CCA00387617B}.Release|Any CPU.ActiveCfg = Release|Any CPU
		{A093E056-7338-4A6A-B7C4-CCA00387617B}.Release|Any CPU.Build.0 = Release|Any CPU
	EndGlobalSection
EndGlobal
